
Microsoft Visual Studio Solution File, Format Version 12.00
# Visual Studio 15
VisualStudioVersion = 15.0.26430.16
MinimumVisualStudioVersion = 10.0.40219.1
Project("{FAE04EC0-301F-11D3-BF4B-00C04F79EFBC}") = "HtmlGiris", "HtmlGiris\HtmlGiris.csproj", "{84EBA49D-2BD2-4132-A356-4398D389D9E0}"
EndProject
Project("{2150E333-8FDC-42A3-9474-1A3956D46DE8}") = "HTML CSS", "HTML CSS", "{D68BA4DF-0A15-41F3-9BCC-FDBA9A7D5EFA}"
EndProject
Project("{FAE04EC0-301F-11D3-BF4B-00C04F79EFBC}") = "Html5Css3", "Html5Css3\Html5Css3.csproj", "{B0EA00B8-507C-4910-854E-3F68257A9031}"
EndProject
Project("{2150E333-8FDC-42A3-9474-1A3956D46DE8}") = "JavaScript", "JavaScript", "{51BCA9CA-780E-42EB-97BE-A33FD8F9573D}"
EndProject
Project("{FAE04EC0-301F-11D3-BF4B-00C04F79EFBC}") = "JSIslemleri", "JSIslemleri\JSIslemleri.csproj", "{718258EA-CA69-4635-8BF7-A0E99918AEB8}"
EndProject
Project("{2150E333-8FDC-42A3-9474-1A3956D46DE8}") = "Bootstrap", "Bootstrap", "{7AEC924A-1880-42FA-AA8F-1EBA16C67DFD}"
EndProject
Project("{FAE04EC0-301F-11D3-BF4B-00C04F79EFBC}") = "BootstrapFrontEnd", "BootstrapFrontEnd\BootstrapFrontEnd.csproj", "{EE073AE8-F096-4557-B018-F350443178DB}"
EndProject
Global
	GlobalSection(SolutionConfigurationPlatforms) = preSolution
		Debug|Any CPU = Debug|Any CPU
		Release|Any CPU = Release|Any CPU
	EndGlobalSection
	GlobalSection(ProjectConfigurationPlatforms) = postSolution
		{84EBA49D-2BD2-4132-A356-4398D389D9E0}.Debug|Any CPU.ActiveCfg = Debug|Any CPU
		{84EBA49D-2BD2-4132-A356-4398D389D9E0}.Debug|Any CPU.Build.0 = Debug|Any CPU
		{84EBA49D-2BD2-4132-A356-4398D389D9E0}.Release|Any CPU.ActiveCfg = Release|Any CPU
		{84EBA49D-2BD2-4132-A356-4398D389D9E0}.Release|Any CPU.Build.0 = Release|Any CPU
		{B0EA00B8-507C-4910-854E-3F68257A9031}.Debug|Any CPU.ActiveCfg = Debug|Any CPU
		{B0EA00B8-507C-4910-854E-3F68257A9031}.Debug|Any CPU.Build.0 = Debug|Any CPU
		{B0EA00B8-507C-4910-854E-3F68257A9031}.Release|Any CPU.ActiveCfg = Release|Any CPU
		{B0EA00B8-507C-4910-854E-3F68257A9031}.Release|Any CPU.Build.0 = Release|Any CPU
		{718258EA-CA69-4635-8BF7-A0E99918AEB8}.Debug|Any CPU.ActiveCfg = Debug|Any CPU
		{718258EA-CA69-4635-8BF7-A0E99918AEB8}.Debug|Any CPU.Build.0 = Debug|Any CPU
		{718258EA-CA69-4635-8BF7-A0E99918AEB8}.Release|Any CPU.ActiveCfg = Release|Any CPU
		{718258EA-CA69-4635-8BF7-A0E99918AEB8}.Release|Any CPU.Build.0 = Release|Any CPU
		{EE073AE8-F096-4557-B018-F350443178DB}.Debug|Any CPU.ActiveCfg = Debug|Any CPU
		{EE073AE8-F096-4557-B018-F350443178DB}.Debug|Any CPU.Build.0 = Debug|Any CPU
		{EE073AE8-F096-4557-B018-F350443178DB}.Release|Any CPU.ActiveCfg = Release|Any CPU
		{EE073AE8-F096-4557-B018-F350443178DB}.Release|Any CPU.Build.0 = Release|Any CPU
	EndGlobalSection
	GlobalSection(SolutionProperties) = preSolution
		HideSolutionNode = FALSE
	EndGlobalSection
	GlobalSection(NestedProjects) = preSolution
		{84EBA49D-2BD2-4132-A356-4398D389D9E0} = {D68BA4DF-0A15-41F3-9BCC-FDBA9A7D5EFA}
		{B0EA00B8-507C-4910-854E-3F68257A9031} = {D68BA4DF-0A15-41F3-9BCC-FDBA9A7D5EFA}
		{718258EA-CA69-4635-8BF7-A0E99918AEB8} = {51BCA9CA-780E-42EB-97BE-A33FD8F9573D}
		{EE073AE8-F096-4557-B018-F350443178DB} = {7AEC924A-1880-42FA-AA8F-1EBA16C67DFD}
	EndGlobalSection
EndGlobal
